// !$*UTF8*$!
{
	archiveVersion = 1;
	classes = {
	};
	objectVersion = 56;
	objects = {

/* Begin PBXBuildFile section */
		57AF30822940F98D00C11047 /* Product_MarketplaceApp.swift in Sources */ = {isa = PBXBuildFile; fileRef = 57AF30812940F98D00C11047 /* Product_MarketplaceApp.swift */; };
		57AF30862940F98D00C11047 /* Assets.xcassets in Resources */ = {isa = PBXBuildFile; fileRef = 57AF30852940F98D00C11047 /* Assets.xcassets */; };
		57AF30892940F98D00C11047 /* Preview Assets.xcassets in Resources */ = {isa = PBXBuildFile; fileRef = 57AF30882940F98D00C11047 /* Preview Assets.xcassets */; };
		57AF30942940FACB00C11047 /* amplifyconfiguration.json in Resources */ = {isa = PBXBuildFile; fileRef = 57AF30922940FACB00C11047 /* amplifyconfiguration.json */; };
		57AF30952940FACB00C11047 /* awsconfiguration.json in Resources */ = {isa = PBXBuildFile; fileRef = 57AF30932940FACB00C11047 /* awsconfiguration.json */; };
		57AF30972940FB3D00C11047 /* LoginView.swift in Sources */ = {isa = PBXBuildFile; fileRef = 57AF30962940FB3D00C11047 /* LoginView.swift */; };
		57AF30992940FC4600C11047 /* SignUpView.swift in Sources */ = {isa = PBXBuildFile; fileRef = 57AF30982940FC4600C11047 /* SignUpView.swift */; };
		57AF309B2940FC8A00C11047 /* ConfirmSignUpView.swift in Sources */ = {isa = PBXBuildFile; fileRef = 57AF309A2940FC8A00C11047 /* ConfirmSignUpView.swift */; };
		57AF34532941FF3A00C11047 /* User.swift in Sources */ = {isa = PBXBuildFile; fileRef = 57AF34502941FF3A00C11047 /* User.swift */; };
		57AF34542941FF3A00C11047 /* User+Schema.swift in Sources */ = {isa = PBXBuildFile; fileRef = 57AF34512941FF3A00C11047 /* User+Schema.swift */; };
		57AF34552941FF3A00C11047 /* AmplifyModels.swift in Sources */ = {isa = PBXBuildFile; fileRef = 57AF34522941FF3A00C11047 /* AmplifyModels.swift */; };
		57AF34EC29420D9E00C11047 /* ContentView.swift in Sources */ = {isa = PBXBuildFile; fileRef = 57AF34EB29420D9E00C11047 /* ContentView.swift */; };
		57AF34F52942102C00C11047 /* UserState.swift in Sources */ = {isa = PBXBuildFile; fileRef = 57AF34F42942102C00C11047 /* UserState.swift */; };
		57AF34F72942109300C11047 /* MarketplaceError.swift in Sources */ = {isa = PBXBuildFile; fileRef = 57AF34F62942109300C11047 /* MarketplaceError.swift */; };
		57AF34F9294210E300C11047 /* SessionView.swift in Sources */ = {isa = PBXBuildFile; fileRef = 57AF34F8294210E300C11047 /* SessionView.swift */; };
		57AF34FF2942151E00C11047 /* AvatarView.swift in Sources */ = {isa = PBXBuildFile; fileRef = 57AF34FE2942151E00C11047 /* AvatarView.swift */; };
		57AF35122942216A00C11047 /* Amplify in Frameworks */ = {isa = PBXBuildFile; productRef = 57AF35112942216A00C11047 /* Amplify */; };
		57AF35142942216A00C11047 /* AWSCognitoAuthPlugin in Frameworks */ = {isa = PBXBuildFile; productRef = 57AF35132942216A00C11047 /* AWSCognitoAuthPlugin */; };
		57AF35162942216A00C11047 /* AWSDataStorePlugin in Frameworks */ = {isa = PBXBuildFile; productRef = 57AF35152942216A00C11047 /* AWSDataStorePlugin */; };
		57AF35182942218700C11047 /* AmplifyImage.swift in Sources */ = {isa = PBXBuildFile; fileRef = 57AF35172942218700C11047 /* AmplifyImage.swift */; };
		57AF351A294221B000C11047 /*  AmplifyImageProvider.swift .swift in Sources */ = {isa = PBXBuildFile; fileRef = 57AF3519294221B000C11047 /*  AmplifyImageProvider.swift .swift */; };
		57AF351C294221C600C11047 /*  KFImage+Extensions.swift .swift in Sources */ = {isa = PBXBuildFile; fileRef = 57AF351B294221C600C11047 /*  KFImage+Extensions.swift .swift */; };
		57AF351E294221DB00C11047 /*  Source+Extensions.swift .swift in Sources */ = {isa = PBXBuildFile; fileRef = 57AF351D294221DB00C11047 /*  Source+Extensions.swift .swift */; };
		57AF35212942221900C11047 /* Kingfisher in Frameworks */ = {isa = PBXBuildFile; productRef = 57AF35202942221900C11047 /* Kingfisher */; };
		57AF3523294222E100C11047 /* UserProfileView.swift in Sources */ = {isa = PBXBuildFile; fileRef = 57AF3522294222E100C11047 /* UserProfileView.swift */; };
		57AF35252942258800C11047 /* MainTabView.swift in Sources */ = {isa = PBXBuildFile; fileRef = 57AF35242942258800C11047 /* MainTabView.swift */; };
/* End PBXBuildFile section */

/* Begin PBXFileReference section */
		57AF307E2940F98D00C11047 /* Product Marketplace.app */ = {isa = PBXFileReference; explicitFileType = wrapper.application; includeInIndex = 0; path = "Product Marketplace.app"; sourceTree = BUILT_PRODUCTS_DIR; };
		57AF30812940F98D00C11047 /* Product_MarketplaceApp.swift */ = {isa = PBXFileReference; lastKnownFileType = sourcecode.swift; path = Product_MarketplaceApp.swift; sourceTree = "<group>"; };
		57AF30852940F98D00C11047 /* Assets.xcassets */ = {isa = PBXFileReference; lastKnownFileType = folder.assetcatalog; path = Assets.xcassets; sourceTree = "<group>"; };
		57AF30882940F98D00C11047 /* Preview Assets.xcassets */ = {isa = PBXFileReference; lastKnownFileType = folder.assetcatalog; path = "Preview Assets.xcassets"; sourceTree = "<group>"; };
		57AF30922940FACB00C11047 /* amplifyconfiguration.json */ = {isa = PBXFileReference; fileEncoding = 4; lastKnownFileType = text.json; path = amplifyconfiguration.json; sourceTree = SOURCE_ROOT; };
		57AF30932940FACB00C11047 /* awsconfiguration.json */ = {isa = PBXFileReference; fileEncoding = 4; lastKnownFileType = text.json; path = awsconfiguration.json; sourceTree = SOURCE_ROOT; };
		57AF30962940FB3D00C11047 /* LoginView.swift */ = {isa = PBXFileReference; lastKnownFileType = sourcecode.swift; path = LoginView.swift; sourceTree = "<group>"; };
		57AF30982940FC4600C11047 /* SignUpView.swift */ = {isa = PBXFileReference; lastKnownFileType = sourcecode.swift; path = SignUpView.swift; sourceTree = "<group>"; };
		57AF309A2940FC8A00C11047 /* ConfirmSignUpView.swift */ = {isa = PBXFileReference; lastKnownFileType = sourcecode.swift; path = ConfirmSignUpView.swift; sourceTree = "<group>"; };
		57AF34502941FF3A00C11047 /* User.swift */ = {isa = PBXFileReference; fileEncoding = 4; lastKnownFileType = sourcecode.swift; path = User.swift; sourceTree = "<group>"; };
		57AF34512941FF3A00C11047 /* User+Schema.swift */ = {isa = PBXFileReference; fileEncoding = 4; lastKnownFileType = sourcecode.swift; path = "User+Schema.swift"; sourceTree = "<group>"; };
		57AF34522941FF3A00C11047 /* AmplifyModels.swift */ = {isa = PBXFileReference; fileEncoding = 4; lastKnownFileType = sourcecode.swift; path = AmplifyModels.swift; sourceTree = "<group>"; };
		57AF34EB29420D9E00C11047 /* ContentView.swift */ = {isa = PBXFileReference; fileEncoding = 4; lastKnownFileType = sourcecode.swift; name = ContentView.swift; path = ../../.Trashes/1024371481/ContentView.swift; sourceTree = "<group>"; };
		57AF34F42942102C00C11047 /* UserState.swift */ = {isa = PBXFileReference; lastKnownFileType = sourcecode.swift; path = UserState.swift; sourceTree = "<group>"; };
		57AF34F62942109300C11047 /* MarketplaceError.swift */ = {isa = PBXFileReference; lastKnownFileType = sourcecode.swift; path = MarketplaceError.swift; sourceTree = "<group>"; };
		57AF34F8294210E300C11047 /* SessionView.swift */ = {isa = PBXFileReference; lastKnownFileType = sourcecode.swift; path = SessionView.swift; sourceTree = "<group>"; };
		57AF34FE2942151E00C11047 /* AvatarView.swift */ = {isa = PBXFileReference; lastKnownFileType = sourcecode.swift; path = AvatarView.swift; sourceTree = "<group>"; };
		57AF35172942218700C11047 /* AmplifyImage.swift */ = {isa = PBXFileReference; lastKnownFileType = sourcecode.swift; path = AmplifyImage.swift; sourceTree = "<group>"; };
		57AF3519294221B000C11047 /*  AmplifyImageProvider.swift .swift */ = {isa = PBXFileReference; lastKnownFileType = sourcecode.swift; path = " AmplifyImageProvider.swift .swift"; sourceTree = "<group>"; };
		57AF351B294221C600C11047 /*  KFImage+Extensions.swift .swift */ = {isa = PBXFileReference; lastKnownFileType = sourcecode.swift; path = " KFImage+Extensions.swift .swift"; sourceTree = "<group>"; };
		57AF351D294221DB00C11047 /*  Source+Extensions.swift .swift */ = {isa = PBXFileReference; lastKnownFileType = sourcecode.swift; path = " Source+Extensions.swift .swift"; sourceTree = "<group>"; };
		57AF3522294222E100C11047 /* UserProfileView.swift */ = {isa = PBXFileReference; lastKnownFileType = sourcecode.swift; path = UserProfileView.swift; sourceTree = "<group>"; };
		57AF35242942258800C11047 /* MainTabView.swift */ = {isa = PBXFileReference; lastKnownFileType = sourcecode.swift; path = MainTabView.swift; sourceTree = "<group>"; };
/* End PBXFileReference section */

/* Begin PBXFrameworksBuildPhase section */
		57AF307B2940F98D00C11047 /* Frameworks */ = {
			isa = PBXFrameworksBuildPhase;
			buildActionMask = 2147483647;
			files = (
				57AF35212942221900C11047 /* Kingfisher in Frameworks */,
				57AF35162942216A00C11047 /* AWSDataStorePlugin in Frameworks */,
				57AF35122942216A00C11047 /* Amplify in Frameworks */,
				57AF35142942216A00C11047 /* AWSCognitoAuthPlugin in Frameworks */,
			);
			runOnlyForDeploymentPostprocessing = 0;
		};
/* End PBXFrameworksBuildPhase section */

/* Begin PBXGroup section */
		57AF30752940F98D00C11047 = {
			isa = PBXGroup;
			children = (
				57AF30802940F98D00C11047 /* Product Marketplace */,
				57AF307F2940F98D00C11047 /* Products */,
				57AF309C2940FF4400C11047 /* Frameworks */,
			);
			sourceTree = "<group>";
		};
		57AF307F2940F98D00C11047 /* Products */ = {
			isa = PBXGroup;
			children = (
				57AF307E2940F98D00C11047 /* Product Marketplace.app */,
			);
			name = Products;
			sourceTree = "<group>";
		};
		57AF30802940F98D00C11047 /* Product Marketplace */ = {
			isa = PBXGroup;
			children = (
				57AF34FD294214FF00C11047 /* Login */,
				57AF34EB29420D9E00C11047 /* ContentView.swift */,
				57AF30812940F98D00C11047 /* Product_MarketplaceApp.swift */,
				57AF34F42942102C00C11047 /* UserState.swift */,
				57AF34F8294210E300C11047 /* SessionView.swift */,
				57AF34F62942109300C11047 /* MarketplaceError.swift */,
				57AF34FE2942151E00C11047 /* AvatarView.swift */,
				57AF3522294222E100C11047 /* UserProfileView.swift */,
				57AF35242942258800C11047 /* MainTabView.swift */,
				57AF35102942213500C11047 /* AmplifyImage */,
				57AF344F2941FF3A00C11047 /* models */,
				57AF30922940FACB00C11047 /* amplifyconfiguration.json */,
				57AF30932940FACB00C11047 /* awsconfiguration.json */,
				57AF30872940F98D00C11047 /* Preview Content */,
				57AF30852940F98D00C11047 /* Assets.xcassets */,
			);
			path = "Product Marketplace";
			sourceTree = "<group>";
		};
		57AF30872940F98D00C11047 /* Preview Content */ = {
			isa = PBXGroup;
			children = (
				57AF30882940F98D00C11047 /* Preview Assets.xcassets */,
			);
			path = "Preview Content";
			sourceTree = "<group>";
		};
		57AF309C2940FF4400C11047 /* Frameworks */ = {
			isa = PBXGroup;
			children = (
			);
			name = Frameworks;
			sourceTree = "<group>";
		};
		57AF344F2941FF3A00C11047 /* models */ = {
			isa = PBXGroup;
			children = (
				57AF34502941FF3A00C11047 /* User.swift */,
				57AF34512941FF3A00C11047 /* User+Schema.swift */,
				57AF34522941FF3A00C11047 /* AmplifyModels.swift */,
			);
			name = models;
			path = amplify/generated/models;
			sourceTree = SOURCE_ROOT;
		};
		57AF34FD294214FF00C11047 /* Login */ = {
			isa = PBXGroup;
			children = (
				57AF30962940FB3D00C11047 /* LoginView.swift */,
				57AF30982940FC4600C11047 /* SignUpView.swift */,
				57AF309A2940FC8A00C11047 /* ConfirmSignUpView.swift */,
			);
			path = Login;
			sourceTree = "<group>";
		};
		57AF35102942213500C11047 /* AmplifyImage */ = {
			isa = PBXGroup;
			children = (
				57AF35172942218700C11047 /* AmplifyImage.swift */,
				57AF3519294221B000C11047 /*  AmplifyImageProvider.swift .swift */,
				57AF351B294221C600C11047 /*  KFImage+Extensions.swift .swift */,
				57AF351D294221DB00C11047 /*  Source+Extensions.swift .swift */,
			);
			path = AmplifyImage;
			sourceTree = "<group>";
		};
/* End PBXGroup section */

/* Begin PBXNativeTarget section */
		57AF307D2940F98D00C11047 /* Product Marketplace */ = {
			isa = PBXNativeTarget;
			buildConfigurationList = 57AF308C2940F98D00C11047 /* Build configuration list for PBXNativeTarget "Product Marketplace" */;
			buildPhases = (
				57AF307A2940F98D00C11047 /* Sources */,
				57AF307B2940F98D00C11047 /* Frameworks */,
				57AF307C2940F98D00C11047 /* Resources */,
			);
			buildRules = (
			);
			dependencies = (
			);
			name = "Product Marketplace";
			packageProductDependencies = (
				57AF35112942216A00C11047 /* Amplify */,
				57AF35132942216A00C11047 /* AWSCognitoAuthPlugin */,
				57AF35152942216A00C11047 /* AWSDataStorePlugin */,
				57AF35202942221900C11047 /* Kingfisher */,
			);
			productName = "Product Marketplace";
			productReference = 57AF307E2940F98D00C11047 /* Product Marketplace.app */;
			productType = "com.apple.product-type.application";
		};
/* End PBXNativeTarget section */

/* Begin PBXProject section */
		57AF30762940F98D00C11047 /* Project object */ = {
			isa = PBXProject;
			attributes = {
				BuildIndependentTargetsInParallel = 1;
				LastSwiftUpdateCheck = 1410;
				LastUpgradeCheck = 1410;
				TargetAttributes = {
					57AF307D2940F98D00C11047 = {
						CreatedOnToolsVersion = 14.1;
					};
				};
			};
			buildConfigurationList = 57AF30792940F98D00C11047 /* Build configuration list for PBXProject "Product Marketplace" */;
			compatibilityVersion = "Xcode 14.0";
			developmentRegion = en;
			hasScannedForEncodings = 0;
			knownRegions = (
				en,
				Base,
			);
			mainGroup = 57AF30752940F98D00C11047;
			packageReferences = (
				57AF350829421A7700C11047 /* XCRemoteSwiftPackageReference "amplify-swift" */,
				57AF351F2942221900C11047 /* XCRemoteSwiftPackageReference "Kingfisher" */,
			);
			productRefGroup = 57AF307F2940F98D00C11047 /* Products */;
			projectDirPath = "";
			projectRoot = "";
			targets = (
				57AF307D2940F98D00C11047 /* Product Marketplace */,
			);
		};
/* End PBXProject section */

/* Begin PBXResourcesBuildPhase section */
		57AF307C2940F98D00C11047 /* Resources */ = {
			isa = PBXResourcesBuildPhase;
			buildActionMask = 2147483647;
			files = (
				57AF30952940FACB00C11047 /* awsconfiguration.json in Resources */,
				57AF30892940F98D00C11047 /* Preview Assets.xcassets in Resources */,
				57AF30942940FACB00C11047 /* amplifyconfiguration.json in Resources */,
				57AF30862940F98D00C11047 /* Assets.xcassets in Resources */,
			);
			runOnlyForDeploymentPostprocessing = 0;
		};
/* End PBXResourcesBuildPhase section */

/* Begin PBXSourcesBuildPhase section */
		57AF307A2940F98D00C11047 /* Sources */ = {
			isa = PBXSourcesBuildPhase;
			buildActionMask = 2147483647;
			files = (
				57AF34F9294210E300C11047 /* SessionView.swift in Sources */,
				57AF351E294221DB00C11047 /*  Source+Extensions.swift .swift in Sources */,
				57AF34FF2942151E00C11047 /* AvatarView.swift in Sources */,
				57AF34F52942102C00C11047 /* UserState.swift in Sources */,
				57AF30992940FC4600C11047 /* SignUpView.swift in Sources */,
				57AF34542941FF3A00C11047 /* User+Schema.swift in Sources */,
				57AF34EC29420D9E00C11047 /* ContentView.swift in Sources */,
				57AF34F72942109300C11047 /* MarketplaceError.swift in Sources */,
				57AF30972940FB3D00C11047 /* LoginView.swift in Sources */,
				57AF309B2940FC8A00C11047 /* ConfirmSignUpView.swift in Sources */,
				57AF3523294222E100C11047 /* UserProfileView.swift in Sources */,
				57AF35252942258800C11047 /* MainTabView.swift in Sources */,
				57AF35182942218700C11047 /* AmplifyImage.swift in Sources */,
				57AF34532941FF3A00C11047 /* User.swift in Sources */,
				57AF351C294221C600C11047 /*  KFImage+Extensions.swift .swift in Sources */,
				57AF30822940F98D00C11047 /* Product_MarketplaceApp.swift in Sources */,
				57AF351A294221B000C11047 /*  AmplifyImageProvider.swift .swift in Sources */,
				57AF34552941FF3A00C11047 /* AmplifyModels.swift in Sources */,
			);
			runOnlyForDeploymentPostprocessing = 0;
		};
/* End PBXSourcesBuildPhase section */

/* Begin XCBuildConfiguration section */
		57AF308A2940F98D00C11047 /* Debug */ = {
			isa = XCBuildConfiguration;
			buildSettings = {
				ALWAYS_SEARCH_USER_PATHS = NO;
				CLANG_ANALYZER_NONNULL = YES;
				CLANG_ANALYZER_NUMBER_OBJECT_CONVERSION = YES_AGGRESSIVE;
				CLANG_CXX_LANGUAGE_STANDARD = "gnu++20";
				CLANG_ENABLE_MODULES = YES;
				CLANG_ENABLE_OBJC_ARC = YES;
				CLANG_ENABLE_OBJC_WEAK = YES;
				CLANG_WARN_BLOCK_CAPTURE_AUTORELEASING = YES;
				CLANG_WARN_BOOL_CONVERSION = YES;
				CLANG_WARN_COMMA = YES;
				CLANG_WARN_CONSTANT_CONVERSION = YES;
				CLANG_WARN_DEPRECATED_OBJC_IMPLEMENTATIONS = YES;
				CLANG_WARN_DIRECT_OBJC_ISA_USAGE = YES_ERROR;
				CLANG_WARN_DOCUMENTATION_COMMENTS = YES;
				CLANG_WARN_EMPTY_BODY = YES;
				CLANG_WARN_ENUM_CONVERSION = YES;
				CLANG_WARN_INFINITE_RECURSION = YES;
				CLANG_WARN_INT_CONVERSION = YES;
				CLANG_WARN_NON_LITERAL_NULL_CONVERSION = YES;
				CLANG_WARN_OBJC_IMPLICIT_RETAIN_SELF = YES;
				CLANG_WARN_OBJC_LITERAL_CONVERSION = YES;
				CLANG_WARN_OBJC_ROOT_CLASS = YES_ERROR;
				CLANG_WARN_QUOTED_INCLUDE_IN_FRAMEWORK_HEADER = YES;
				CLANG_WARN_RANGE_LOOP_ANALYSIS = YES;
				CLANG_WARN_STRICT_PROTOTYPES = YES;
				CLANG_WARN_SUSPICIOUS_MOVE = YES;
				CLANG_WARN_UNGUARDED_AVAILABILITY = YES_AGGRESSIVE;
				CLANG_WARN_UNREACHABLE_CODE = YES;
				CLANG_WARN__DUPLICATE_METHOD_MATCH = YES;
				COPY_PHASE_STRIP = NO;
				DEBUG_INFORMATION_FORMAT = dwarf;
				ENABLE_STRICT_OBJC_MSGSEND = YES;
				ENABLE_TESTABILITY = YES;
				GCC_C_LANGUAGE_STANDARD = gnu11;
				GCC_DYNAMIC_NO_PIC = NO;
				GCC_NO_COMMON_BLOCKS = YES;
				GCC_OPTIMIZATION_LEVEL = 0;
				GCC_PREPROCESSOR_DEFINITIONS = (
					"DEBUG=1",
					"$(inherited)",
				);
				GCC_WARN_64_TO_32_BIT_CONVERSION = YES;
				GCC_WARN_ABOUT_RETURN_TYPE = YES_ERROR;
				GCC_WARN_UNDECLARED_SELECTOR = YES;
				GCC_WARN_UNINITIALIZED_AUTOS = YES_AGGRESSIVE;
				GCC_WARN_UNUSED_FUNCTION = YES;
				GCC_WARN_UNUSED_VARIABLE = YES;
				IPHONEOS_DEPLOYMENT_TARGET = 16.1;
				MTL_ENABLE_DEBUG_INFO = INCLUDE_SOURCE;
				MTL_FAST_MATH = YES;
				ONLY_ACTIVE_ARCH = YES;
				SDKROOT = iphoneos;
				SWIFT_ACTIVE_COMPILATION_CONDITIONS = DEBUG;
				SWIFT_OPTIMIZATION_LEVEL = "-Onone";
			};
			name = Debug;
		};
		57AF308B2940F98D00C11047 /* Release */ = {
			isa = XCBuildConfiguration;
			buildSettings = {
				ALWAYS_SEARCH_USER_PATHS = NO;
				CLANG_ANALYZER_NONNULL = YES;
				CLANG_ANALYZER_NUMBER_OBJECT_CONVERSION = YES_AGGRESSIVE;
				CLANG_CXX_LANGUAGE_STANDARD = "gnu++20";
				CLANG_ENABLE_MODULES = YES;
				CLANG_ENABLE_OBJC_ARC = YES;
				CLANG_ENABLE_OBJC_WEAK = YES;
				CLANG_WARN_BLOCK_CAPTURE_AUTORELEASING = YES;
				CLANG_WARN_BOOL_CONVERSION = YES;
				CLANG_WARN_COMMA = YES;
				CLANG_WARN_CONSTANT_CONVERSION = YES;
				CLANG_WARN_DEPRECATED_OBJC_IMPLEMENTATIONS = YES;
				CLANG_WARN_DIRECT_OBJC_ISA_USAGE = YES_ERROR;
				CLANG_WARN_DOCUMENTATION_COMMENTS = YES;
				CLANG_WARN_EMPTY_BODY = YES;
				CLANG_WARN_ENUM_CONVERSION = YES;
				CLANG_WARN_INFINITE_RECURSION = YES;
				CLANG_WARN_INT_CONVERSION = YES;
				CLANG_WARN_NON_LITERAL_NULL_CONVERSION = YES;
				CLANG_WARN_OBJC_IMPLICIT_RETAIN_SELF = YES;
				CLANG_WARN_OBJC_LITERAL_CONVERSION = YES;
				CLANG_WARN_OBJC_ROOT_CLASS = YES_ERROR;
				CLANG_WARN_QUOTED_INCLUDE_IN_FRAMEWORK_HEADER = YES;
				CLANG_WARN_RANGE_LOOP_ANALYSIS = YES;
				CLANG_WARN_STRICT_PROTOTYPES = YES;
				CLANG_WARN_SUSPICIOUS_MOVE = YES;
				CLANG_WARN_UNGUARDED_AVAILABILITY = YES_AGGRESSIVE;
				CLANG_WARN_UNREACHABLE_CODE = YES;
				CLANG_WARN__DUPLICATE_METHOD_MATCH = YES;
				COPY_PHASE_STRIP = NO;
				DEBUG_INFORMATION_FORMAT = "dwarf-with-dsym";
				ENABLE_NS_ASSERTIONS = NO;
				ENABLE_STRICT_OBJC_MSGSEND = YES;
				GCC_C_LANGUAGE_STANDARD = gnu11;
				GCC_NO_COMMON_BLOCKS = YES;
				GCC_WARN_64_TO_32_BIT_CONVERSION = YES;
				GCC_WARN_ABOUT_RETURN_TYPE = YES_ERROR;
				GCC_WARN_UNDECLARED_SELECTOR = YES;
				GCC_WARN_UNINITIALIZED_AUTOS = YES_AGGRESSIVE;
				GCC_WARN_UNUSED_FUNCTION = YES;
				GCC_WARN_UNUSED_VARIABLE = YES;
				IPHONEOS_DEPLOYMENT_TARGET = 16.1;
				MTL_ENABLE_DEBUG_INFO = NO;
				MTL_FAST_MATH = YES;
				SDKROOT = iphoneos;
				SWIFT_COMPILATION_MODE = wholemodule;
				SWIFT_OPTIMIZATION_LEVEL = "-O";
				VALIDATE_PRODUCT = YES;
			};
			name = Release;
		};
		57AF308D2940F98D00C11047 /* Debug */ = {
			isa = XCBuildConfiguration;
			buildSettings = {
				ASSETCATALOG_COMPILER_APPICON_NAME = AppIcon;
				ASSETCATALOG_COMPILER_GLOBAL_ACCENT_COLOR_NAME = AccentColor;
				CODE_SIGN_STYLE = Automatic;
				CURRENT_PROJECT_VERSION = 1;
				DEVELOPMENT_ASSET_PATHS = "\"Product Marketplace/Preview Content\"";
				ENABLE_PREVIEWS = YES;
				GENERATE_INFOPLIST_FILE = YES;
				INFOPLIST_KEY_UIApplicationSceneManifest_Generation = YES;
				INFOPLIST_KEY_UIApplicationSupportsIndirectInputEvents = YES;
				INFOPLIST_KEY_UILaunchScreen_Generation = YES;
				INFOPLIST_KEY_UISupportedInterfaceOrientations_iPad = "UIInterfaceOrientationPortrait UIInterfaceOrientationPortraitUpsideDown UIInterfaceOrientationLandscapeLeft UIInterfaceOrientationLandscapeRight";
				INFOPLIST_KEY_UISupportedInterfaceOrientations_iPhone = "UIInterfaceOrientationPortrait UIInterfaceOrientationLandscapeLeft UIInterfaceOrientationLandscapeRight";
				LD_RUNPATH_SEARCH_PATHS = (
					"$(inherited)",
					"@executable_path/Frameworks",
				);
				MARKETING_VERSION = 1.0;
				PRODUCT_BUNDLE_IDENTIFIER = "com.stahis.Product-Marketplace";
				PRODUCT_NAME = "$(TARGET_NAME)";
				SWIFT_EMIT_LOC_STRINGS = YES;
				SWIFT_VERSION = 5.0;
				TARGETED_DEVICE_FAMILY = "1,2";
			};
			name = Debug;
		};
		57AF308E2940F98D00C11047 /* Release */ = {
			isa = XCBuildConfiguration;
			buildSettings = {
				ASSETCATALOG_COMPILER_APPICON_NAME = AppIcon;
				ASSETCATALOG_COMPILER_GLOBAL_ACCENT_COLOR_NAME = AccentColor;
				CODE_SIGN_STYLE = Automatic;
				CURRENT_PROJECT_VERSION = 1;
				DEVELOPMENT_ASSET_PATHS = "\"Product Marketplace/Preview Content\"";
				ENABLE_PREVIEWS = YES;
				GENERATE_INFOPLIST_FILE = YES;
				INFOPLIST_KEY_UIApplicationSceneManifest_Generation = YES;
				INFOPLIST_KEY_UIApplicationSupportsIndirectInputEvents = YES;
				INFOPLIST_KEY_UILaunchScreen_Generation = YES;
				INFOPLIST_KEY_UISupportedInterfaceOrientations_iPad = "UIInterfaceOrientationPortrait UIInterfaceOrientationPortraitUpsideDown UIInterfaceOrientationLandscapeLeft UIInterfaceOrientationLandscapeRight";
				INFOPLIST_KEY_UISupportedInterfaceOrientations_iPhone = "UIInterfaceOrientationPortrait UIInterfaceOrientationLandscapeLeft UIInterfaceOrientationLandscapeRight";
				LD_RUNPATH_SEARCH_PATHS = (
					"$(inherited)",
					"@executable_path/Frameworks",
				);
				MARKETING_VERSION = 1.0;
				PRODUCT_BUNDLE_IDENTIFIER = "com.stahis.Product-Marketplace";
				PRODUCT_NAME = "$(TARGET_NAME)";
				SWIFT_EMIT_LOC_STRINGS = YES;
				SWIFT_VERSION = 5.0;
				TARGETED_DEVICE_FAMILY = "1,2";
			};
			name = Release;
		};
/* End XCBuildConfiguration section */

/* Begin XCConfigurationList section */
		57AF30792940F98D00C11047 /* Build configuration list for PBXProject "Product Marketplace" */ = {
			isa = XCConfigurationList;
			buildConfigurations = (
				57AF308A2940F98D00C11047 /* Debug */,
				57AF308B2940F98D00C11047 /* Release */,
			);
			defaultConfigurationIsVisible = 0;
			defaultConfigurationName = Release;
		};
		57AF308C2940F98D00C11047 /* Build configuration list for PBXNativeTarget "Product Marketplace" */ = {
			isa = XCConfigurationList;
			buildConfigurations = (
				57AF308D2940F98D00C11047 /* Debug */,
				57AF308E2940F98D00C11047 /* Release */,
			);
			defaultConfigurationIsVisible = 0;
			defaultConfigurationName = Release;
		};
/* End XCConfigurationList section */

/* Begin XCRemoteSwiftPackageReference section */
		57AF350829421A7700C11047 /* XCRemoteSwiftPackageReference "amplify-swift" */ = {
			isa = XCRemoteSwiftPackageReference;
			repositoryURL = "https://github.com/aws-amplify/amplify-swift";
			requirement = {
				kind = upToNextMajorVersion;
				minimumVersion = 2.0.0;
			};
		};
		57AF351F2942221900C11047 /* XCRemoteSwiftPackageReference "Kingfisher" */ = {
			isa = XCRemoteSwiftPackageReference;
			repositoryURL = "https://github.com/onevcat/Kingfisher";
			requirement = {
				kind = upToNextMajorVersion;
				minimumVersion = 7.0.0;
			};
		};
/* End XCRemoteSwiftPackageReference section */

/* Begin XCSwiftPackageProductDependency section */
		57AF35112942216A00C11047 /* Amplify */ = {
			isa = XCSwiftPackageProductDependency;
			package = 57AF350829421A7700C11047 /* XCRemoteSwiftPackageReference "amplify-swift" */;
			productName = Amplify;
		};
		57AF35132942216A00C11047 /* AWSCognitoAuthPlugin */ = {
			isa = XCSwiftPackageProductDependency;
			package = 57AF350829421A7700C11047 /* XCRemoteSwiftPackageReference "amplify-swift" */;
			productName = AWSCognitoAuthPlugin;
		};
		57AF35152942216A00C11047 /* AWSDataStorePlugin */ = {
			isa = XCSwiftPackageProductDependency;
			package = 57AF350829421A7700C11047 /* XCRemoteSwiftPackageReference "amplify-swift" */;
			productName = AWSDataStorePlugin;
		};
		57AF35202942221900C11047 /* Kingfisher */ = {
			isa = XCSwiftPackageProductDependency;
			package = 57AF351F2942221900C11047 /* XCRemoteSwiftPackageReference "Kingfisher" */;
			productName = Kingfisher;
		};
/* End XCSwiftPackageProductDependency section */
	};
	rootObject = 57AF30762940F98D00C11047 /* Project object */;
}
